
Microsoft Visual Studio Solution File, Format Version 12.00
# Visual Studio Version 16
VisualStudioVersion = 16.0.30611.23
MinimumVisualStudioVersion = 10.0.40219.1
Project("{8BC9CEB8-8B4A-11D0-8D11-00A0C91BC942}") = "cyclone", "cyclone\cyclone.vcxproj", "{26709DB6-2B1E-45CE-BA71-7C65944D8A1A}"
EndProject
Project("{8BC9CEB8-8B4A-11D0-8D11-00A0C91BC942}") = "sandbox", "sandbox\sandbox.vcxproj", "{6470B978-1AEF-485A-AF53-06858B9241EB}"
EndProject
Global
	GlobalSection(SolutionConfigurationPlatforms) = preSolution
		Debug|x64 = Debug|x64
		Release|x64 = Release|x64
	EndGlobalSection
	GlobalSection(ProjectConfigurationPlatforms) = postSolution
		{26709DB6-2B1E-45CE-BA71-7C65944D8A1A}.Debug|x64.ActiveCfg = Debug|x64
		{26709DB6-2B1E-45CE-BA71-7C65944D8A1A}.Debug|x64.Build.0 = Debug|x64
		{26709DB6-2B1E-45CE-BA71-7C65944D8A1A}.Release|x64.ActiveCfg = Release|x64
		{26709DB6-2B1E-45CE-BA71-7C65944D8A1A}.Release|x64.Build.0 = Release|x64
		{6470B978-1AEF-485A-AF53-06858B9241EB}.Debug|x64.ActiveCfg = Debug|x64
		{6470B978-1AEF-485A-AF53-06858B9241EB}.Debug|x64.Build.0 = Debug|x64
		{6470B978-1AEF-485A-AF53-06858B9241EB}.Release|x64.ActiveCfg = Release|x64
		{6470B978-1AEF-485A-AF53-06858B9241EB}.Release|x64.Build.0 = Release|x64
	EndGlobalSection
	GlobalSection(SolutionProperties) = preSolution
		HideSolutionNode = FALSE
	EndGlobalSection
	GlobalSection(ExtensibilityGlobals) = postSolution
		SolutionGuid = {8DCFF863-6160-4042-A98F-F002042A0C83}
	EndGlobalSection
EndGlobal
